
Microsoft Visual Studio Solution File, Format Version 12.00
# Visual Studio Version 17
VisualStudioVersion = 17.3.32929.385
MinimumVisualStudioVersion = 10.0.40219.1
Project("{FAE04EC0-301F-11D3-BF4B-00C04F79EFBC}") = "LoanCalcMVC", "LoanCalcMVC\LoanCalcMVC.csproj", "{B60B71B4-A995-4ECD-B253-DF47E663D265}"
EndProject
Global
	GlobalSection(SolutionConfigurationPlatforms) = preSolution
		Debug|Any CPU = Debug|Any CPU
		Release|Any CPU = Release|Any CPU
	EndGlobalSection
	GlobalSection(ProjectConfigurationPlatforms) = postSolution
		{B60B71B4-A995-4ECD-B253-DF47E663D265}.Debug|Any CPU.ActiveCfg = Debug|Any CPU
		{B60B71B4-A995-4ECD-B253-DF47E663D265}.Debug|Any CPU.Build.0 = Debug|Any CPU
		{B60B71B4-A995-4ECD-B253-DF47E663D265}.Release|Any CPU.ActiveCfg = Release|Any CPU
		{B60B71B4-A995-4ECD-B253-DF47E663D265}.Release|Any CPU.Build.0 = Release|Any CPU
	EndGlobalSection
	GlobalSection(SolutionProperties) = preSolution
		HideSolutionNode = FALSE
	EndGlobalSection
	GlobalSection(ExtensibilityGlobals) = postSolution
		SolutionGuid = {E70ADBB2-DC48-48F7-807F-387A6B8A2962}
	EndGlobalSection
EndGlobal
